// !$*UTF8*$!
{
	archiveVersion = 1;
	classes = {
	};
	objectVersion = 46;
	objects = {

/* Begin PBXBuildFile section */
		9B1F7B7C1B02C489009F5F9E /* AppDelegate.swift in Sources */ = {isa = PBXBuildFile; fileRef = 9B1F7B7B1B02C489009F5F9E /* AppDelegate.swift */; };
		9B1F7B7E1B02C489009F5F9E /* RecordSoundViewController.swift in Sources */ = {isa = PBXBuildFile; fileRef = 9B1F7B7D1B02C489009F5F9E /* RecordSoundViewController.swift */; };
		9B1F7B811B02C489009F5F9E /* Main.storyboard in Resources */ = {isa = PBXBuildFile; fileRef = 9B1F7B7F1B02C489009F5F9E /* Main.storyboard */; };
		9B1F7B831B02C489009F5F9E /* Images.xcassets in Resources */ = {isa = PBXBuildFile; fileRef = 9B1F7B821B02C489009F5F9E /* Images.xcassets */; };
		9B1F7B861B02C489009F5F9E /* LaunchScreen.xib in Resources */ = {isa = PBXBuildFile; fileRef = 9B1F7B841B02C489009F5F9E /* LaunchScreen.xib */; };
		9B1F7B921B02C489009F5F9E /* Pitch_PerfectTests.swift in Sources */ = {isa = PBXBuildFile; fileRef = 9B1F7B911B02C489009F5F9E /* Pitch_PerfectTests.swift */; };
		9B4C50EB1BE51E3F007C5584 /* Main.storyboard in Resources */ = {isa = PBXBuildFile; fileRef = 9B1F7B7F1B02C489009F5F9E /* Main.storyboard */; };
		9B4C50EC1BE51E55007C5584 /* PlaySoundsViewController.swift in Sources */ = {isa = PBXBuildFile; fileRef = 9B6D18121B1CA43A004DAD57 /* PlaySoundsViewController.swift */; };
		9B4C50ED1BE51E58007C5584 /* RecordSoundViewController.swift in Sources */ = {isa = PBXBuildFile; fileRef = 9B1F7B7D1B02C489009F5F9E /* RecordSoundViewController.swift */; };
		9B4C50EE1BE51E5B007C5584 /* RecordedAudio.swift in Sources */ = {isa = PBXBuildFile; fileRef = 9B5A81811B50C0B4009B293D /* RecordedAudio.swift */; };
		9B4C50EF1BE51E5E007C5584 /* AppDelegate.swift in Sources */ = {isa = PBXBuildFile; fileRef = 9B1F7B7B1B02C489009F5F9E /* AppDelegate.swift */; };
		9B5A81821B50C0B4009B293D /* RecordedAudio.swift in Sources */ = {isa = PBXBuildFile; fileRef = 9B5A81811B50C0B4009B293D /* RecordedAudio.swift */; };
		9B6D18131B1CA43A004DAD57 /* PlaySoundsViewController.swift in Sources */ = {isa = PBXBuildFile; fileRef = 9B6D18121B1CA43A004DAD57 /* PlaySoundsViewController.swift */; };
		9B6D18151B1CAC85004DAD57 /* movie_quote.mp3 in Resources */ = {isa = PBXBuildFile; fileRef = 9B6D18141B1CAC85004DAD57 /* movie_quote.mp3 */; };
/* End PBXBuildFile section */

/* Begin PBXContainerItemProxy section */
		9B1F7B8C1B02C489009F5F9E /* PBXContainerItemProxy */ = {
			isa = PBXContainerItemProxy;
			containerPortal = 9B1F7B6E1B02C489009F5F9E /* Project object */;
			proxyType = 1;
			remoteGlobalIDString = 9B1F7B751B02C489009F5F9E;
			remoteInfo = "Pitch Perfect";
		};
/* End PBXContainerItemProxy section */

/* Begin PBXFileReference section */
		9B1F7B761B02C489009F5F9E /* PitchPerfect.app */ = {isa = PBXFileReference; explicitFileType = wrapper.application; includeInIndex = 0; path = PitchPerfect.app; sourceTree = BUILT_PRODUCTS_DIR; };
		9B1F7B7A1B02C489009F5F9E /* Info.plist */ = {isa = PBXFileReference; lastKnownFileType = text.plist.xml; path = Info.plist; sourceTree = "<group>"; };
		9B1F7B7B1B02C489009F5F9E /* AppDelegate.swift */ = {isa = PBXFileReference; lastKnownFileType = sourcecode.swift; path = AppDelegate.swift; sourceTree = "<group>"; };
		9B1F7B7D1B02C489009F5F9E /* RecordSoundViewController.swift */ = {isa = PBXFileReference; lastKnownFileType = sourcecode.swift; path = RecordSoundViewController.swift; sourceTree = "<group>"; };
		9B1F7B801B02C489009F5F9E /* Base */ = {isa = PBXFileReference; lastKnownFileType = file.storyboard; name = Base; path = Base.lproj/Main.storyboard; sourceTree = "<group>"; };
		9B1F7B821B02C489009F5F9E /* Images.xcassets */ = {isa = PBXFileReference; lastKnownFileType = folder.assetcatalog; path = Images.xcassets; sourceTree = "<group>"; };
		9B1F7B851B02C489009F5F9E /* Base */ = {isa = PBXFileReference; lastKnownFileType = file.xib; name = Base; path = Base.lproj/LaunchScreen.xib; sourceTree = "<group>"; };
		9B1F7B8B1B02C489009F5F9E /* PitchPerfect.xctest */ = {isa = PBXFileReference; explicitFileType = wrapper.cfbundle; includeInIndex = 0; path = PitchPerfect.xctest; sourceTree = BUILT_PRODUCTS_DIR; };
		9B1F7B901B02C489009F5F9E /* Info.plist */ = {isa = PBXFileReference; lastKnownFileType = text.plist.xml; path = Info.plist; sourceTree = "<group>"; };
		9B1F7B911B02C489009F5F9E /* Pitch_PerfectTests.swift */ = {isa = PBXFileReference; lastKnownFileType = sourcecode.swift; path = Pitch_PerfectTests.swift; sourceTree = "<group>"; };
		9B5A81811B50C0B4009B293D /* RecordedAudio.swift */ = {isa = PBXFileReference; fileEncoding = 4; lastKnownFileType = sourcecode.swift; path = RecordedAudio.swift; sourceTree = "<group>"; };
		9B6D18121B1CA43A004DAD57 /* PlaySoundsViewController.swift */ = {isa = PBXFileReference; fileEncoding = 4; lastKnownFileType = sourcecode.swift; path = PlaySoundsViewController.swift; sourceTree = "<group>"; };
		9B6D18141B1CAC85004DAD57 /* movie_quote.mp3 */ = {isa = PBXFileReference; lastKnownFileType = audio.mp3; name = movie_quote.mp3; path = ../movie_quote.mp3; sourceTree = "<group>"; };
/* End PBXFileReference section */

/* Begin PBXFrameworksBuildPhase section */
		9B1F7B731B02C489009F5F9E /* Frameworks */ = {
			isa = PBXFrameworksBuildPhase;
			buildActionMask = 2147483647;
			files = (
			);
			runOnlyForDeploymentPostprocessing = 0;
		};
		9B1F7B881B02C489009F5F9E /* Frameworks */ = {
			isa = PBXFrameworksBuildPhase;
			buildActionMask = 2147483647;
			files = (
			);
			runOnlyForDeploymentPostprocessing = 0;
		};
/* End PBXFrameworksBuildPhase section */

/* Begin PBXGroup section */
		9B1F7B6D1B02C489009F5F9E = {
			isa = PBXGroup;
			children = (
				9B1F7B781B02C489009F5F9E /* PitchPerfect */,
				9B1F7B8E1B02C489009F5F9E /* PitchPerfectTests */,
				9B1F7B771B02C489009F5F9E /* Products */,
			);
			sourceTree = "<group>";
		};
		9B1F7B771B02C489009F5F9E /* Products */ = {
			isa = PBXGroup;
			children = (
				9B1F7B761B02C489009F5F9E /* PitchPerfect.app */,
				9B1F7B8B1B02C489009F5F9E /* PitchPerfect.xctest */,
			);
			name = Products;
			sourceTree = "<group>";
		};
		9B1F7B781B02C489009F5F9E /* PitchPerfect */ = {
			isa = PBXGroup;
			children = (
				9B1F7B7B1B02C489009F5F9E /* AppDelegate.swift */,
				9B5A81811B50C0B4009B293D /* RecordedAudio.swift */,
				9B1F7B7D1B02C489009F5F9E /* RecordSoundViewController.swift */,
				9B6D18121B1CA43A004DAD57 /* PlaySoundsViewController.swift */,
				9B1F7B7F1B02C489009F5F9E /* Main.storyboard */,
				9B1F7B821B02C489009F5F9E /* Images.xcassets */,
				9B1F7B841B02C489009F5F9E /* LaunchScreen.xib */,
				9B1F7B791B02C489009F5F9E /* Supporting Files */,
			);
			name = PitchPerfect;
			path = "Pitch Perfect";
			sourceTree = "<group>";
		};
		9B1F7B791B02C489009F5F9E /* Supporting Files */ = {
			isa = PBXGroup;
			children = (
				9B6D18141B1CAC85004DAD57 /* movie_quote.mp3 */,
				9B1F7B7A1B02C489009F5F9E /* Info.plist */,
			);
			name = "Supporting Files";
			sourceTree = "<group>";
		};
		9B1F7B8E1B02C489009F5F9E /* PitchPerfectTests */ = {
			isa = PBXGroup;
			children = (
				9B1F7B911B02C489009F5F9E /* Pitch_PerfectTests.swift */,
				9B1F7B8F1B02C489009F5F9E /* Supporting Files */,
			);
			name = PitchPerfectTests;
			path = "Pitch PerfectTests";
			sourceTree = "<group>";
		};
		9B1F7B8F1B02C489009F5F9E /* Supporting Files */ = {
			isa = PBXGroup;
			children = (
				9B1F7B901B02C489009F5F9E /* Info.plist */,
			);
			name = "Supporting Files";
			sourceTree = "<group>";
		};
/* End PBXGroup section */

/* Begin PBXNativeTarget section */
		9B1F7B751B02C489009F5F9E /* PitchPerfect */ = {
			isa = PBXNativeTarget;
			buildConfigurationList = 9B1F7B951B02C489009F5F9E /* Build configuration list for PBXNativeTarget "PitchPerfect" */;
			buildPhases = (
				9B1F7B721B02C489009F5F9E /* Sources */,
				9B1F7B731B02C489009F5F9E /* Frameworks */,
				9B1F7B741B02C489009F5F9E /* Resources */,
			);
			buildRules = (
			);
			dependencies = (
			);
			name = PitchPerfect;
			productName = "Pitch Perfect";
			productReference = 9B1F7B761B02C489009F5F9E /* PitchPerfect.app */;
			productType = "com.apple.product-type.application";
		};
		9B1F7B8A1B02C489009F5F9E /* PitchPerfectTests */ = {
			isa = PBXNativeTarget;
			buildConfigurationList = 9B1F7B981B02C489009F5F9E /* Build configuration list for PBXNativeTarget "PitchPerfectTests" */;
			buildPhases = (
				9B1F7B871B02C489009F5F9E /* Sources */,
				9B1F7B881B02C489009F5F9E /* Frameworks */,
				9B1F7B891B02C489009F5F9E /* Resources */,
			);
			buildRules = (
			);
			dependencies = (
				9B1F7B8D1B02C489009F5F9E /* PBXTargetDependency */,
			);
			name = PitchPerfectTests;
			productName = "Pitch PerfectTests";
			productReference = 9B1F7B8B1B02C489009F5F9E /* PitchPerfect.xctest */;
			productType = "com.apple.product-type.bundle.unit-test";
		};
/* End PBXNativeTarget section */

/* Begin PBXProject section */
		9B1F7B6E1B02C489009F5F9E /* Project object */ = {
			isa = PBXProject;
			attributes = {
				LastSwiftMigration = 0700;
				LastSwiftUpdateCheck = 0700;
				LastUpgradeCheck = 0700;
				ORGANIZATIONNAME = "Ben Goertz";
				TargetAttributes = {
					9B1F7B751B02C489009F5F9E = {
						CreatedOnToolsVersion = 6.3.1;
						DevelopmentTeam = A8FLF9DQ85;
					};
					9B1F7B8A1B02C489009F5F9E = {
						CreatedOnToolsVersion = 6.3.1;
						TestTargetID = 9B1F7B751B02C489009F5F9E;
					};
				};
			};
			buildConfigurationList = 9B1F7B711B02C489009F5F9E /* Build configuration list for PBXProject "PitchPerfect" */;
			compatibilityVersion = "Xcode 3.2";
			developmentRegion = English;
			hasScannedForEncodings = 0;
			knownRegions = (
				en,
				Base,
			);
			mainGroup = 9B1F7B6D1B02C489009F5F9E;
			productRefGroup = 9B1F7B771B02C489009F5F9E /* Products */;
			projectDirPath = "";
			projectRoot = "";
			targets = (
				9B1F7B751B02C489009F5F9E /* PitchPerfect */,
				9B1F7B8A1B02C489009F5F9E /* PitchPerfectTests */,
			);
		};
/* End PBXProject section */

/* Begin PBXResourcesBuildPhase section */
		9B1F7B741B02C489009F5F9E /* Resources */ = {
			isa = PBXResourcesBuildPhase;
			buildActionMask = 2147483647;
			files = (
				9B1F7B811B02C489009F5F9E /* Main.storyboard in Resources */,
				9B1F7B861B02C489009F5F9E /* LaunchScreen.xib in Resources */,
				9B6D18151B1CAC85004DAD57 /* movie_quote.mp3 in Resources */,
				9B1F7B831B02C489009F5F9E /* Images.xcassets in Resources */,
			);
			runOnlyForDeploymentPostprocessing = 0;
		};
		9B1F7B891B02C489009F5F9E /* Resources */ = {
			isa = PBXResourcesBuildPhase;
			buildActionMask = 2147483647;
			files = (
				9B4C50EB1BE51E3F007C5584 /* Main.storyboard in Resources */,
			);
			runOnlyForDeploymentPostprocessing = 0;
		};
/* End PBXResourcesBuildPhase section */

/* Begin PBXSourcesBuildPhase section */
		9B1F7B721B02C489009F5F9E /* Sources */ = {
			isa = PBXSourcesBuildPhase;
			buildActionMask = 2147483647;
			files = (
				9B5A81821B50C0B4009B293D /* RecordedAudio.swift in Sources */,
				9B1F7B7E1B02C489009F5F9E /* RecordSoundViewController.swift in Sources */,
				9B6D18131B1CA43A004DAD57 /* PlaySoundsViewController.swift in Sources */,
				9B1F7B7C1B02C489009F5F9E /* AppDelegate.swift in Sources */,
			);
			runOnlyForDeploymentPostprocessing = 0;
		};
		9B1F7B871B02C489009F5F9E /* Sources */ = {
			isa = PBXSourcesBuildPhase;
			buildActionMask = 2147483647;
			files = (
				9B4C50EE1BE51E5B007C5584 /* RecordedAudio.swift in Sources */,
				9B4C50EC1BE51E55007C5584 /* PlaySoundsViewController.swift in Sources */,
				9B4C50ED1BE51E58007C5584 /* RecordSoundViewController.swift in Sources */,
				9B4C50EF1BE51E5E007C5584 /* AppDelegate.swift in Sources */,
				9B1F7B921B02C489009F5F9E /* Pitch_PerfectTests.swift in Sources */,
			);
			runOnlyForDeploymentPostprocessing = 0;
		};
/* End PBXSourcesBuildPhase section */

/* Begin PBXTargetDependency section */
		9B1F7B8D1B02C489009F5F9E /* PBXTargetDependency */ = {
			isa = PBXTargetDependency;
			target = 9B1F7B751B02C489009F5F9E /* PitchPerfect */;
			targetProxy = 9B1F7B8C1B02C489009F5F9E /* PBXContainerItemProxy */;
		};
/* End PBXTargetDependency section */

/* Begin PBXVariantGroup section */
		9B1F7B7F1B02C489009F5F9E /* Main.storyboard */ = {
			isa = PBXVariantGroup;
			children = (
				9B1F7B801B02C489009F5F9E /* Base */,
			);
			name = Main.storyboard;
			sourceTree = "<group>";
		};
		9B1F7B841B02C489009F5F9E /* LaunchScreen.xib */ = {
			isa = PBXVariantGroup;
			children = (
				9B1F7B851B02C489009F5F9E /* Base */,
			);
			name = LaunchScreen.xib;
			sourceTree = "<group>";
		};
/* End PBXVariantGroup section */

/* Begin XCBuildConfiguration section */
		9B1F7B931B02C489009F5F9E /* Debug */ = {
			isa = XCBuildConfiguration;
			buildSettings = {
				ALWAYS_SEARCH_USER_PATHS = NO;
				CLANG_CXX_LANGUAGE_STANDARD = "gnu++0x";
				CLANG_CXX_LIBRARY = "libc++";
				CLANG_ENABLE_MODULES = YES;
				CLANG_ENABLE_OBJC_ARC = YES;
				CLANG_WARN_BOOL_CONVERSION = YES;
				CLANG_WARN_CONSTANT_CONVERSION = YES;
				CLANG_WARN_DIRECT_OBJC_ISA_USAGE = YES_ERROR;
				CLANG_WARN_EMPTY_BODY = YES;
				CLANG_WARN_ENUM_CONVERSION = YES;
				CLANG_WARN_INT_CONVERSION = YES;
				CLANG_WARN_OBJC_ROOT_CLASS = YES_ERROR;
				CLANG_WARN_UNREACHABLE_CODE = YES;
				CLANG_WARN__DUPLICATE_METHOD_MATCH = YES;
				"CODE_SIGN_IDENTITY[sdk=iphoneos*]" = "iPhone Developer";
				COPY_PHASE_STRIP = NO;
				DEBUG_INFORMATION_FORMAT = "dwarf-with-dsym";
				ENABLE_STRICT_OBJC_MSGSEND = YES;
				ENABLE_TESTABILITY = YES;
				GCC_C_LANGUAGE_STANDARD = gnu99;
				GCC_DYNAMIC_NO_PIC = NO;
				GCC_NO_COMMON_BLOCKS = YES;
				GCC_OPTIMIZATION_LEVEL = 0;
				GCC_PREPROCESSOR_DEFINITIONS = (
					"DEBUG=1",
					"$(inherited)",
				);
				GCC_SYMBOLS_PRIVATE_EXTERN = NO;
				GCC_WARN_64_TO_32_BIT_CONVERSION = YES;
				GCC_WARN_ABOUT_RETURN_TYPE = YES_ERROR;
				GCC_WARN_UNDECLARED_SELECTOR = YES;
				GCC_WARN_UNINITIALIZED_AUTOS = YES_AGGRESSIVE;
				GCC_WARN_UNUSED_FUNCTION = YES;
				GCC_WARN_UNUSED_VARIABLE = YES;
				IPHONEOS_DEPLOYMENT_TARGET = 8.3;
				MTL_ENABLE_DEBUG_INFO = YES;
				ONLY_ACTIVE_ARCH = YES;
				SDKROOT = iphoneos;
				SWIFT_OPTIMIZATION_LEVEL = "-Onone";
			};
			name = Debug;
		};
		9B1F7B941B02C489009F5F9E /* Release */ = {
			isa = XCBuildConfiguration;
			buildSettings = {
				ALWAYS_SEARCH_USER_PATHS = NO;
				CLANG_CXX_LANGUAGE_STANDARD = "gnu++0x";
				CLANG_CXX_LIBRARY = "libc++";
				CLANG_ENABLE_MODULES = YES;
				CLANG_ENABLE_OBJC_ARC = YES;
				CLANG_WARN_BOOL_CONVERSION = YES;
				CLANG_WARN_CONSTANT_CONVERSION = YES;
				CLANG_WARN_DIRECT_OBJC_ISA_USAGE = YES_ERROR;
				CLANG_WARN_EMPTY_BODY = YES;
				CLANG_WARN_ENUM_CONVERSION = YES;
				CLANG_WARN_INT_CONVERSION = YES;
				CLANG_WARN_OBJC_ROOT_CLASS = YES_ERROR;
				CLANG_WARN_UNREACHABLE_CODE = YES;
				CLANG_WARN__DUPLICATE_METHOD_MATCH = YES;
				"CODE_SIGN_IDENTITY[sdk=iphoneos*]" = "iPhone Developer";
				COPY_PHASE_STRIP = NO;
				DEBUG_INFORMATION_FORMAT = "dwarf-with-dsym";
				ENABLE_NS_ASSERTIONS = NO;
				ENABLE_STRICT_OBJC_MSGSEND = YES;
				GCC_C_LANGUAGE_STANDARD = gnu99;
				GCC_NO_COMMON_BLOCKS = YES;
				GCC_WARN_64_TO_32_BIT_CONVERSION = YES;
				GCC_WARN_ABOUT_RETURN_TYPE = YES_ERROR;
				GCC_WARN_UNDECLARED_SELECTOR = YES;
				GCC_WARN_UNINITIALIZED_AUTOS = YES_AGGRESSIVE;
				GCC_WARN_UNUSED_FUNCTION = YES;
				GCC_WARN_UNUSED_VARIABLE = YES;
				IPHONEOS_DEPLOYMENT_TARGET = 8.3;
				MTL_ENABLE_DEBUG_INFO = NO;
				SDKROOT = iphoneos;
				VALIDATE_PRODUCT = YES;
			};
			name = Release;
		};
		9B1F7B961B02C489009F5F9E /* Debug */ = {
			isa = XCBuildConfiguration;
			buildSettings = {
				ASSETCATALOG_COMPILER_APPICON_NAME = AppIcon;
				CODE_SIGN_IDENTITY = "iPhone Developer";
				"CODE_SIGN_IDENTITY[sdk=iphoneos*]" = "iPhone Developer";
				INFOPLIST_FILE = "Pitch Perfect/Info.plist";
				LD_RUNPATH_SEARCH_PATHS = "$(inherited) @executable_path/Frameworks";
				PRODUCT_BUNDLE_IDENTIFIER = "com.suite22.$(PRODUCT_NAME:rfc1034identifier)";
				PRODUCT_NAME = PitchPerfect;
				PROVISIONING_PROFILE = "";
			};
			name = Debug;
		};
		9B1F7B971B02C489009F5F9E /* Release */ = {
			isa = XCBuildConfiguration;
			buildSettings = {
				ASSETCATALOG_COMPILER_APPICON_NAME = AppIcon;
				CODE_SIGN_IDENTITY = "iPhone Developer";
				"CODE_SIGN_IDENTITY[sdk=iphoneos*]" = "iPhone Developer";
				INFOPLIST_FILE = "Pitch Perfect/Info.plist";
				LD_RUNPATH_SEARCH_PATHS = "$(inherited) @executable_path/Frameworks";
				PRODUCT_BUNDLE_IDENTIFIER = "com.suite22.$(PRODUCT_NAME:rfc1034identifier)";
				PRODUCT_NAME = PitchPerfect;
				PROVISIONING_PROFILE = "";
			};
			name = Release;
		};
		9B1F7B991B02C489009F5F9E /* Debug */ = {
			isa = XCBuildConfiguration;
			buildSettings = {
				BUNDLE_LOADER = "$(TEST_HOST)";
				FRAMEWORK_SEARCH_PATHS = (
					"$(SDKROOT)/Developer/Library/Frameworks",
					"$(inherited)",
				);
				GCC_PREPROCESSOR_DEFINITIONS = (
					"DEBUG=1",
					"$(inherited)",
				);
				INFOPLIST_FILE = "Pitch PerfectTests/Info.plist";
				LD_RUNPATH_SEARCH_PATHS = "$(inherited) @executable_path/Frameworks @loader_path/Frameworks";
				PRODUCT_BUNDLE_IDENTIFIER = "com.suite22.$(PRODUCT_NAME:rfc1034identifier)";
				PRODUCT_NAME = PitchPerfect;
				TEST_HOST = "$(BUILT_PRODUCTS_DIR)/PitchPerfect.app/PitchPerfect";
			};
			name = Debug;
		};
		9B1F7B9A1B02C489009F5F9E /* Release */ = {
			isa = XCBuildConfiguration;
			buildSettings = {
				BUNDLE_LOADER = "$(TEST_HOST)";
				FRAMEWORK_SEARCH_PATHS = (
					"$(SDKROOT)/Developer/Library/Frameworks",
					"$(inherited)",
				);
				INFOPLIST_FILE = "Pitch PerfectTests/Info.plist";
				LD_RUNPATH_SEARCH_PATHS = "$(inherited) @executable_path/Frameworks @loader_path/Frameworks";
				PRODUCT_BUNDLE_IDENTIFIER = "com.suite22.$(PRODUCT_NAME:rfc1034identifier)";
				PRODUCT_NAME = PitchPerfect;
				TEST_HOST = "$(BUILT_PRODUCTS_DIR)/PitchPerfect.app/PitchPerfect";
			};
			name = Release;
		};
/* End XCBuildConfiguration section */

/* Begin XCConfigurationList section */
		9B1F7B711B02C489009F5F9E /* Build configuration list for PBXProject "PitchPerfect" */ = {
			isa = XCConfigurationList;
			buildConfigurations = (
				9B1F7B931B02C489009F5F9E /* Debug */,
				9B1F7B941B02C489009F5F9E /* Release */,
			);
			defaultConfigurationIsVisible = 0;
			defaultConfigurationName = Release;
		};
		9B1F7B951B02C489009F5F9E /* Build configuration list for PBXNativeTarget "PitchPerfect" */ = {
			isa = XCConfigurationList;
			buildConfigurations = (
				9B1F7B961B02C489009F5F9E /* Debug */,
				9B1F7B971B02C489009F5F9E /* Release */,
			);
			defaultConfigurationIsVisible = 0;
			defaultConfigurationName = Release;
		};
		9B1F7B981B02C489009F5F9E /* Build configuration list for PBXNativeTarget "PitchPerfectTests" */ = {
			isa = XCConfigurationList;
			buildConfigurations = (
				9B1F7B991B02C489009F5F9E /* Debug */,
				9B1F7B9A1B02C489009F5F9E /* Release */,
			);
			defaultConfigurationIsVisible = 0;
			defaultConfigurationName = Release;
		};
/* End XCConfigurationList section */
	};
	rootObject = 9B1F7B6E1B02C489009F5F9E /* Project object */;
}
